
Microsoft Visual Studio Solution File, Format Version 12.00
# Visual Studio Version 16
VisualStudioVersion = 16.6.30114.105
MinimumVisualStudioVersion = 10.0.40219.1
Project("{9A19103F-16F7-4668-BE54-9A1E7A4F7556}") = "ESourcing.Products", "ESourcing.Products\ESourcing.Products.csproj", "{54121117-4123-4409-9282-72C7C8F2C084}"
EndProject
Project("{2150E333-8FDC-42A3-9474-1A3956D46DE8}") = "Products", "Products", "{300B7C36-DFD4-4210-AD10-A1954A7BD11B}"
EndProject
Project("{2150E333-8FDC-42A3-9474-1A3956D46DE8}") = "src", "src", "{A377CCD4-6999-4F77-B58D-6BC622944AC1}"
EndProject
Project("{2150E333-8FDC-42A3-9474-1A3956D46DE8}") = "ApiGateway", "ApiGateway", "{FADE1358-7282-42E7-A214-4D3217FC0671}"
EndProject
Project("{2150E333-8FDC-42A3-9474-1A3956D46DE8}") = "Services", "Services", "{3D0C05FE-18E5-4820-9C48-BC277CC6A554}"
EndProject
Project("{2150E333-8FDC-42A3-9474-1A3956D46DE8}") = "WebApp", "WebApp", "{7471D0C6-680A-4FC5-8B34-85A5DB53501B}"
EndProject
Project("{2150E333-8FDC-42A3-9474-1A3956D46DE8}") = "Common", "Common", "{9EA815B0-4DFE-4044-BF00-9077E90CF6FF}"
EndProject
Project("{2150E333-8FDC-42A3-9474-1A3956D46DE8}") = "Order", "Order", "{339CED4E-0A6C-46EE-9BCC-9045806A4E09}"
EndProject
Project("{2150E333-8FDC-42A3-9474-1A3956D46DE8}") = "Sourcnig", "Sourcnig", "{21483330-7E36-42CE-9C4F-058A91005516}"
EndProject
Project("{E53339B2-1760-4266-BCC7-CA923CBCF16C}") = "docker-compose", "docker-compose.dcproj", "{2B3AFD71-6FEB-4C61-AF70-2A22271D6D4B}"
EndProject
Global
	GlobalSection(SolutionConfigurationPlatforms) = preSolution
		Debug|Any CPU = Debug|Any CPU
		Debug|x64 = Debug|x64
		Debug|x86 = Debug|x86
		Release|Any CPU = Release|Any CPU
		Release|x64 = Release|x64
		Release|x86 = Release|x86
	EndGlobalSection
	GlobalSection(ProjectConfigurationPlatforms) = postSolution
		{54121117-4123-4409-9282-72C7C8F2C084}.Debug|Any CPU.ActiveCfg = Debug|Any CPU
		{54121117-4123-4409-9282-72C7C8F2C084}.Debug|Any CPU.Build.0 = Debug|Any CPU
		{54121117-4123-4409-9282-72C7C8F2C084}.Debug|x64.ActiveCfg = Debug|Any CPU
		{54121117-4123-4409-9282-72C7C8F2C084}.Debug|x64.Build.0 = Debug|Any CPU
		{54121117-4123-4409-9282-72C7C8F2C084}.Debug|x86.ActiveCfg = Debug|Any CPU
		{54121117-4123-4409-9282-72C7C8F2C084}.Debug|x86.Build.0 = Debug|Any CPU
		{54121117-4123-4409-9282-72C7C8F2C084}.Release|Any CPU.ActiveCfg = Release|Any CPU
		{54121117-4123-4409-9282-72C7C8F2C084}.Release|Any CPU.Build.0 = Release|Any CPU
		{54121117-4123-4409-9282-72C7C8F2C084}.Release|x64.ActiveCfg = Release|Any CPU
		{54121117-4123-4409-9282-72C7C8F2C084}.Release|x64.Build.0 = Release|Any CPU
		{54121117-4123-4409-9282-72C7C8F2C084}.Release|x86.ActiveCfg = Release|Any CPU
		{54121117-4123-4409-9282-72C7C8F2C084}.Release|x86.Build.0 = Release|Any CPU
		{2B3AFD71-6FEB-4C61-AF70-2A22271D6D4B}.Debug|Any CPU.ActiveCfg = Debug|Any CPU
		{2B3AFD71-6FEB-4C61-AF70-2A22271D6D4B}.Debug|Any CPU.Build.0 = Debug|Any CPU
		{2B3AFD71-6FEB-4C61-AF70-2A22271D6D4B}.Debug|x64.ActiveCfg = Debug|Any CPU
		{2B3AFD71-6FEB-4C61-AF70-2A22271D6D4B}.Debug|x64.Build.0 = Debug|Any CPU
		{2B3AFD71-6FEB-4C61-AF70-2A22271D6D4B}.Debug|x86.ActiveCfg = Debug|Any CPU
		{2B3AFD71-6FEB-4C61-AF70-2A22271D6D4B}.Debug|x86.Build.0 = Debug|Any CPU
		{2B3AFD71-6FEB-4C61-AF70-2A22271D6D4B}.Release|Any CPU.ActiveCfg = Release|Any CPU
		{2B3AFD71-6FEB-4C61-AF70-2A22271D6D4B}.Release|Any CPU.Build.0 = Release|Any CPU
		{2B3AFD71-6FEB-4C61-AF70-2A22271D6D4B}.Release|x64.ActiveCfg = Release|Any CPU
		{2B3AFD71-6FEB-4C61-AF70-2A22271D6D4B}.Release|x64.Build.0 = Release|Any CPU
		{2B3AFD71-6FEB-4C61-AF70-2A22271D6D4B}.Release|x86.ActiveCfg = Release|Any CPU
		{2B3AFD71-6FEB-4C61-AF70-2A22271D6D4B}.Release|x86.Build.0 = Release|Any CPU
	EndGlobalSection
	GlobalSection(SolutionProperties) = preSolution
		HideSolutionNode = FALSE
	EndGlobalSection
	GlobalSection(NestedProjects) = preSolution
		{54121117-4123-4409-9282-72C7C8F2C084} = {300B7C36-DFD4-4210-AD10-A1954A7BD11B}
		{300B7C36-DFD4-4210-AD10-A1954A7BD11B} = {3D0C05FE-18E5-4820-9C48-BC277CC6A554}
		{FADE1358-7282-42E7-A214-4D3217FC0671} = {A377CCD4-6999-4F77-B58D-6BC622944AC1}
		{3D0C05FE-18E5-4820-9C48-BC277CC6A554} = {A377CCD4-6999-4F77-B58D-6BC622944AC1}
		{7471D0C6-680A-4FC5-8B34-85A5DB53501B} = {A377CCD4-6999-4F77-B58D-6BC622944AC1}
		{9EA815B0-4DFE-4044-BF00-9077E90CF6FF} = {3D0C05FE-18E5-4820-9C48-BC277CC6A554}
		{339CED4E-0A6C-46EE-9BCC-9045806A4E09} = {3D0C05FE-18E5-4820-9C48-BC277CC6A554}
		{21483330-7E36-42CE-9C4F-058A91005516} = {3D0C05FE-18E5-4820-9C48-BC277CC6A554}
	EndGlobalSection
	GlobalSection(ExtensibilityGlobals) = postSolution
		SolutionGuid = {278CEB55-65D9-4B8A-BD38-8346DD23707B}
	EndGlobalSection
EndGlobal
